
Microsoft Visual Studio Solution File, Format Version 12.00
# Visual Studio Version 16
VisualStudioVersion = 16.0.29519.181
MinimumVisualStudioVersion = 10.0.40219.1
Project("{FAE04EC0-301F-11D3-BF4B-00C04F79EFBC}") = "My-sdk-RazorClassLibrary1", "My-sdk-RazorClassLibrary1\My-sdk-RazorClassLibrary1.csproj", "{9057A188-24FB-4FA8-9ECE-160F003AA505}"
EndProject
Global
	GlobalSection(SolutionConfigurationPlatforms) = preSolution
		Debug|Any CPU = Debug|Any CPU
		Release|Any CPU = Release|Any CPU
	EndGlobalSection
	GlobalSection(ProjectConfigurationPlatforms) = postSolution
		{9057A188-24FB-4FA8-9ECE-160F003AA505}.Debug|Any CPU.ActiveCfg = Debug|Any CPU
		{9057A188-24FB-4FA8-9ECE-160F003AA505}.Debug|Any CPU.Build.0 = Debug|Any CPU
		{9057A188-24FB-4FA8-9ECE-160F003AA505}.Release|Any CPU.ActiveCfg = Release|Any CPU
		{9057A188-24FB-4FA8-9ECE-160F003AA505}.Release|Any CPU.Build.0 = Release|Any CPU
	EndGlobalSection
	GlobalSection(SolutionProperties) = preSolution
		HideSolutionNode = FALSE
	EndGlobalSection
	GlobalSection(ExtensibilityGlobals) = postSolution
		SolutionGuid = {E5AF6772-CF13-4E25-8AEE-6956DDB28062}
	EndGlobalSection
EndGlobal
